
Microsoft Visual Studio Solution File, Format Version 12.00
# Visual Studio Version 16
VisualStudioVersion = 16.0.32407.337
MinimumVisualStudioVersion = 10.0.40219.1
Project("{FAE04EC0-301F-11D3-BF4B-00C04F79EFBC}") = "05.05homework", "05.05homework\05.05homework.csproj", "{46E7D34A-4629-411F-BE8B-665F4EB9220B}"
EndProject
Global
	GlobalSection(SolutionConfigurationPlatforms) = preSolution
		Debug|Any CPU = Debug|Any CPU
		Release|Any CPU = Release|Any CPU
	EndGlobalSection
	GlobalSection(ProjectConfigurationPlatforms) = postSolution
		{46E7D34A-4629-411F-BE8B-665F4EB9220B}.Debug|Any CPU.ActiveCfg = Debug|Any CPU
		{46E7D34A-4629-411F-BE8B-665F4EB9220B}.Debug|Any CPU.Build.0 = Debug|Any CPU
		{46E7D34A-4629-411F-BE8B-665F4EB9220B}.Release|Any CPU.ActiveCfg = Release|Any CPU
		{46E7D34A-4629-411F-BE8B-665F4EB9220B}.Release|Any CPU.Build.0 = Release|Any CPU
	EndGlobalSection
	GlobalSection(SolutionProperties) = preSolution
		HideSolutionNode = FALSE
	EndGlobalSection
	GlobalSection(ExtensibilityGlobals) = postSolution
		SolutionGuid = {AFA2CB00-E22B-450C-BD73-0862FF443272}
	EndGlobalSection
EndGlobal
